
Microsoft Visual Studio Solution File, Format Version 12.00
Project("{FAE04EC0-301F-11D3-BF4B-00C04F79EFBC}") = "Pillsgood.AdventOfCode.Core", "Pillsgood.AdventOfCode.Core\Pillsgood.AdventOfCode.Core.csproj", "{83A6E12C-ADAD-4897-BF17-FAC7F37D2816}"
EndProject
Project("{FAE04EC0-301F-11D3-BF4B-00C04F79EFBC}") = "Pillsgood.AdventOfCode.CLI", "Pillsgood.AdventOfCode.CLI\Pillsgood.AdventOfCode.CLI.csproj", "{5604F7C5-4839-422F-9D47-19D9F8B787F0}"
EndProject
Project("{FAE04EC0-301F-11D3-BF4B-00C04F79EFBC}") = "Pillsgood.AdventOfCode.Abstractions", "Pillsgood.AdventOfCode.Abstractions\Pillsgood.AdventOfCode.Abstractions.csproj", "{07EEBA4C-12E5-4864-AF02-3113F3EEB540}"
EndProject
Project("{FAE04EC0-301F-11D3-BF4B-00C04F79EFBC}") = "Pillsgood.AdventOfCode", "Pillsgood.AdventOfCode\Pillsgood.AdventOfCode.csproj", "{9C9210C4-4EBD-4F3C-8D88-3515097B78B6}"
EndProject
Project("{FAE04EC0-301F-11D3-BF4B-00C04F79EFBC}") = "Pillsgood.AdventOfCode.Console", "Pillsgood.AdventOfCode.Console\Pillsgood.AdventOfCode.Console.csproj", "{B3694018-371D-4849-BFA3-6ED948EA7D71}"
EndProject
Project("{FAE04EC0-301F-11D3-BF4B-00C04F79EFBC}") = "AOC2020", "AOC2020\AOC2020.csproj", "{18CAF03E-0CAD-435F-94EE-CEF5709E5732}"
EndProject
Global
	GlobalSection(SolutionConfigurationPlatforms) = preSolution
		Debug|Any CPU = Debug|Any CPU
		Release|Any CPU = Release|Any CPU
	EndGlobalSection
	GlobalSection(ProjectConfigurationPlatforms) = postSolution
		{83A6E12C-ADAD-4897-BF17-FAC7F37D2816}.Debug|Any CPU.ActiveCfg = Debug|Any CPU
		{83A6E12C-ADAD-4897-BF17-FAC7F37D2816}.Debug|Any CPU.Build.0 = Debug|Any CPU
		{83A6E12C-ADAD-4897-BF17-FAC7F37D2816}.Release|Any CPU.ActiveCfg = Release|Any CPU
		{83A6E12C-ADAD-4897-BF17-FAC7F37D2816}.Release|Any CPU.Build.0 = Release|Any CPU
		{5604F7C5-4839-422F-9D47-19D9F8B787F0}.Debug|Any CPU.ActiveCfg = Debug|Any CPU
		{5604F7C5-4839-422F-9D47-19D9F8B787F0}.Debug|Any CPU.Build.0 = Debug|Any CPU
		{5604F7C5-4839-422F-9D47-19D9F8B787F0}.Release|Any CPU.ActiveCfg = Release|Any CPU
		{5604F7C5-4839-422F-9D47-19D9F8B787F0}.Release|Any CPU.Build.0 = Release|Any CPU
		{07EEBA4C-12E5-4864-AF02-3113F3EEB540}.Release|Any CPU.ActiveCfg = Release|Any CPU
		{07EEBA4C-12E5-4864-AF02-3113F3EEB540}.Release|Any CPU.Build.0 = Release|Any CPU
		{07EEBA4C-12E5-4864-AF02-3113F3EEB540}.Debug|Any CPU.ActiveCfg = Debug|Any CPU
		{07EEBA4C-12E5-4864-AF02-3113F3EEB540}.Debug|Any CPU.Build.0 = Debug|Any CPU
		{9C9210C4-4EBD-4F3C-8D88-3515097B78B6}.Debug|Any CPU.ActiveCfg = Debug|Any CPU
		{9C9210C4-4EBD-4F3C-8D88-3515097B78B6}.Debug|Any CPU.Build.0 = Debug|Any CPU
		{9C9210C4-4EBD-4F3C-8D88-3515097B78B6}.Release|Any CPU.ActiveCfg = Release|Any CPU
		{9C9210C4-4EBD-4F3C-8D88-3515097B78B6}.Release|Any CPU.Build.0 = Release|Any CPU
		{B3694018-371D-4849-BFA3-6ED948EA7D71}.Debug|Any CPU.ActiveCfg = Debug|Any CPU
		{B3694018-371D-4849-BFA3-6ED948EA7D71}.Debug|Any CPU.Build.0 = Debug|Any CPU
		{B3694018-371D-4849-BFA3-6ED948EA7D71}.Release|Any CPU.ActiveCfg = Release|Any CPU
		{B3694018-371D-4849-BFA3-6ED948EA7D71}.Release|Any CPU.Build.0 = Release|Any CPU
		{18CAF03E-0CAD-435F-94EE-CEF5709E5732}.Debug|Any CPU.ActiveCfg = Debug|Any CPU
		{18CAF03E-0CAD-435F-94EE-CEF5709E5732}.Debug|Any CPU.Build.0 = Debug|Any CPU
		{18CAF03E-0CAD-435F-94EE-CEF5709E5732}.Release|Any CPU.ActiveCfg = Release|Any CPU
		{18CAF03E-0CAD-435F-94EE-CEF5709E5732}.Release|Any CPU.Build.0 = Release|Any CPU
	EndGlobalSection
EndGlobal
