
Microsoft Visual Studio Solution File, Format Version 12.00
Project("{FAE04EC0-301F-11D3-BF4B-00C04F79EFBC}") = "Pillsgood.AdventOfCode", "Pillsgood.AdventOfCode\Pillsgood.AdventOfCode.csproj", "{4A57A6E3-5CAD-466A-92A2-B9E733EE7D7B}"
EndProject
Project("{FAE04EC0-301F-11D3-BF4B-00C04F79EFBC}") = "Pillsgood.AdventOfCode.Login", "Pillsgood.AdventOfCode.Login\Pillsgood.AdventOfCode.Login.csproj", "{7B053016-7DC8-4D2C-B4E3-B668D357D8CA}"
EndProject
Project("{2150E333-8FDC-42A3-9474-1A3956D46DE8}") = "misc", "misc", "{595687EB-C5F8-4500-81F5-07EBB6C85515}"
	ProjectSection(SolutionItems) = preProject
		.github\workflows\release.yml = .github\workflows\release.yml
		Directory.build.props = Directory.build.props
		LICENSE.md = LICENSE.md
		README.md = README.md
		version.json = version.json
	EndProjectSection
EndProject
Global
	GlobalSection(SolutionConfigurationPlatforms) = preSolution
		Debug|Any CPU = Debug|Any CPU
		Release|Any CPU = Release|Any CPU
	EndGlobalSection
	GlobalSection(ProjectConfigurationPlatforms) = postSolution
		{4A57A6E3-5CAD-466A-92A2-B9E733EE7D7B}.Debug|Any CPU.ActiveCfg = Debug|Any CPU
		{4A57A6E3-5CAD-466A-92A2-B9E733EE7D7B}.Debug|Any CPU.Build.0 = Debug|Any CPU
		{4A57A6E3-5CAD-466A-92A2-B9E733EE7D7B}.Release|Any CPU.ActiveCfg = Release|Any CPU
		{4A57A6E3-5CAD-466A-92A2-B9E733EE7D7B}.Release|Any CPU.Build.0 = Release|Any CPU
		{7B053016-7DC8-4D2C-B4E3-B668D357D8CA}.Debug|Any CPU.ActiveCfg = Debug|Any CPU
		{7B053016-7DC8-4D2C-B4E3-B668D357D8CA}.Debug|Any CPU.Build.0 = Debug|Any CPU
		{7B053016-7DC8-4D2C-B4E3-B668D357D8CA}.Release|Any CPU.ActiveCfg = Release|Any CPU
		{7B053016-7DC8-4D2C-B4E3-B668D357D8CA}.Release|Any CPU.Build.0 = Release|Any CPU
	EndGlobalSection
EndGlobal
